
Microsoft Visual Studio Solution File, Format Version 12.00
# Visual Studio Version 17
VisualStudioVersion = 17.1.32407.343
MinimumVisualStudioVersion = 10.0.40219.1
Project("{FAE04EC0-301F-11D3-BF4B-00C04F79EFBC}") = "Lesson1", "Lesson1\Lesson1.csproj", "{AEB06209-7F35-4DC2-B302-C2D55295081B}"
EndProject
Global
	GlobalSection(SolutionConfigurationPlatforms) = preSolution
		Debug|Any CPU = Debug|Any CPU
		Release|Any CPU = Release|Any CPU
	EndGlobalSection
	GlobalSection(ProjectConfigurationPlatforms) = postSolution
		{AEB06209-7F35-4DC2-B302-C2D55295081B}.Debug|Any CPU.ActiveCfg = Debug|Any CPU
		{AEB06209-7F35-4DC2-B302-C2D55295081B}.Debug|Any CPU.Build.0 = Debug|Any CPU
		{AEB06209-7F35-4DC2-B302-C2D55295081B}.Release|Any CPU.ActiveCfg = Release|Any CPU
		{AEB06209-7F35-4DC2-B302-C2D55295081B}.Release|Any CPU.Build.0 = Release|Any CPU
	EndGlobalSection
	GlobalSection(SolutionProperties) = preSolution
		HideSolutionNode = FALSE
	EndGlobalSection
	GlobalSection(ExtensibilityGlobals) = postSolution
		SolutionGuid = {75C8AC75-DEB9-41CC-9F28-3946937BEC16}
	EndGlobalSection
EndGlobal
